
Microsoft Visual Studio Solution File, Format Version 12.00
# Visual Studio Version 16
VisualStudioVersion = 16.0.32126.315
MinimumVisualStudioVersion = 10.0.40219.1
Project("{9A19103F-16F7-4668-BE54-9A1E7A4F7556}") = "EmployeeManagement", "EmployeeManagement.csproj", "{F6C7B95F-DA9E-4364-8894-7C123E42D9C2}"
EndProject
Global
	GlobalSection(SolutionConfigurationPlatforms) = preSolution
		Debug|Any CPU = Debug|Any CPU
		Release|Any CPU = Release|Any CPU
	EndGlobalSection
	GlobalSection(ProjectConfigurationPlatforms) = postSolution
		{F6C7B95F-DA9E-4364-8894-7C123E42D9C2}.Debug|Any CPU.ActiveCfg = Debug|Any CPU
		{F6C7B95F-DA9E-4364-8894-7C123E42D9C2}.Debug|Any CPU.Build.0 = Debug|Any CPU
		{F6C7B95F-DA9E-4364-8894-7C123E42D9C2}.Release|Any CPU.ActiveCfg = Release|Any CPU
		{F6C7B95F-DA9E-4364-8894-7C123E42D9C2}.Release|Any CPU.Build.0 = Release|Any CPU
	EndGlobalSection
	GlobalSection(SolutionProperties) = preSolution
		HideSolutionNode = FALSE
	EndGlobalSection
	GlobalSection(ExtensibilityGlobals) = postSolution
		SolutionGuid = {846A1B1C-2C61-4F6C-8FC2-FDFB08445558}
	EndGlobalSection
EndGlobal
